// !$*UTF8*$!
{
	archiveVersion = 1;
	classes = {
	};
	objectVersion = 55;
	objects = {

/* Begin PBXBuildFile section */
		AC4B9CFF292F42A50035E73D /* AppDelegate.swift in Sources */ = {isa = PBXBuildFile; fileRef = AC4B9CFE292F42A50035E73D /* AppDelegate.swift */; };
		AC4B9D01292F42A50035E73D /* SceneDelegate.swift in Sources */ = {isa = PBXBuildFile; fileRef = AC4B9D00292F42A50035E73D /* SceneDelegate.swift */; };
		AC4B9D03292F42A50035E73D /* LoginViewController.swift in Sources */ = {isa = PBXBuildFile; fileRef = AC4B9D02292F42A50035E73D /* LoginViewController.swift */; };
		AC4B9D08292F42A60035E73D /* Assets.xcassets in Resources */ = {isa = PBXBuildFile; fileRef = AC4B9D07292F42A60035E73D /* Assets.xcassets */; };
		AC4B9D0B292F42A60035E73D /* LaunchScreen.storyboard in Resources */ = {isa = PBXBuildFile; fileRef = AC4B9D09292F42A60035E73D /* LaunchScreen.storyboard */; };
		AC4B9D19292F4E3C0035E73D /* ChatManager.swift in Sources */ = {isa = PBXBuildFile; fileRef = AC4B9D18292F4E3C0035E73D /* ChatManager.swift */; };
		AC5CE42329308436003B289C /* SettingsViewController.swift in Sources */ = {isa = PBXBuildFile; fileRef = AC5CE42229308436003B289C /* SettingsViewController.swift */; };
		AC5CE42529308451003B289C /* TabBarViewController.swift in Sources */ = {isa = PBXBuildFile; fileRef = AC5CE42429308451003B289C /* TabBarViewController.swift */; };
		C207AFC61CDFEF48696A7F0E /* Pods_iOSChat.framework in Frameworks */ = {isa = PBXBuildFile; fileRef = 40A82B26A7C04E91BB814F71 /* Pods_iOSChat.framework */; };
/* End PBXBuildFile section */

/* Begin PBXFileReference section */
		40A82B26A7C04E91BB814F71 /* Pods_iOSChat.framework */ = {isa = PBXFileReference; explicitFileType = wrapper.framework; includeInIndex = 0; path = Pods_iOSChat.framework; sourceTree = BUILT_PRODUCTS_DIR; };
		8546CCA00CA3EEDD1ED27A5B /* Pods-iOSChat.debug.xcconfig */ = {isa = PBXFileReference; includeInIndex = 1; lastKnownFileType = text.xcconfig; name = "Pods-iOSChat.debug.xcconfig"; path = "Target Support Files/Pods-iOSChat/Pods-iOSChat.debug.xcconfig"; sourceTree = "<group>"; };
		AC4B9CFB292F42A50035E73D /* iOSChat.app */ = {isa = PBXFileReference; explicitFileType = wrapper.application; includeInIndex = 0; path = iOSChat.app; sourceTree = BUILT_PRODUCTS_DIR; };
		AC4B9CFE292F42A50035E73D /* AppDelegate.swift */ = {isa = PBXFileReference; lastKnownFileType = sourcecode.swift; path = AppDelegate.swift; sourceTree = "<group>"; };
		AC4B9D00292F42A50035E73D /* SceneDelegate.swift */ = {isa = PBXFileReference; lastKnownFileType = sourcecode.swift; path = SceneDelegate.swift; sourceTree = "<group>"; };
		AC4B9D02292F42A50035E73D /* LoginViewController.swift */ = {isa = PBXFileReference; lastKnownFileType = sourcecode.swift; path = LoginViewController.swift; sourceTree = "<group>"; };
		AC4B9D07292F42A60035E73D /* Assets.xcassets */ = {isa = PBXFileReference; lastKnownFileType = folder.assetcatalog; path = Assets.xcassets; sourceTree = "<group>"; };
		AC4B9D0A292F42A60035E73D /* Base */ = {isa = PBXFileReference; lastKnownFileType = file.storyboard; name = Base; path = Base.lproj/LaunchScreen.storyboard; sourceTree = "<group>"; };
		AC4B9D0C292F42A60035E73D /* Info.plist */ = {isa = PBXFileReference; lastKnownFileType = text.plist.xml; path = Info.plist; sourceTree = "<group>"; };
		AC4B9D18292F4E3C0035E73D /* ChatManager.swift */ = {isa = PBXFileReference; lastKnownFileType = sourcecode.swift; path = ChatManager.swift; sourceTree = "<group>"; };
		AC5CE42229308436003B289C /* SettingsViewController.swift */ = {isa = PBXFileReference; lastKnownFileType = sourcecode.swift; path = SettingsViewController.swift; sourceTree = "<group>"; };
		AC5CE42429308451003B289C /* TabBarViewController.swift */ = {isa = PBXFileReference; lastKnownFileType = sourcecode.swift; path = TabBarViewController.swift; sourceTree = "<group>"; };
		E7495C16A44EA570A282B0B4 /* Pods-iOSChat.release.xcconfig */ = {isa = PBXFileReference; includeInIndex = 1; lastKnownFileType = text.xcconfig; name = "Pods-iOSChat.release.xcconfig"; path = "Target Support Files/Pods-iOSChat/Pods-iOSChat.release.xcconfig"; sourceTree = "<group>"; };
/* End PBXFileReference section */

/* Begin PBXFrameworksBuildPhase section */
		AC4B9CF8292F42A50035E73D /* Frameworks */ = {
			isa = PBXFrameworksBuildPhase;
			buildActionMask = 2147483647;
			files = (
				C207AFC61CDFEF48696A7F0E /* Pods_iOSChat.framework in Frameworks */,
			);
			runOnlyForDeploymentPostprocessing = 0;
		};
/* End PBXFrameworksBuildPhase section */

/* Begin PBXGroup section */
		1DD6F3741DF623A52B54BC7E /* Frameworks */ = {
			isa = PBXGroup;
			children = (
				40A82B26A7C04E91BB814F71 /* Pods_iOSChat.framework */,
			);
			name = Frameworks;
			sourceTree = "<group>";
		};
		AC4B9CF2292F42A50035E73D = {
			isa = PBXGroup;
			children = (
				AC4B9CFD292F42A50035E73D /* iOSChat */,
				AC4B9CFC292F42A50035E73D /* Products */,
				BF3396A74A4BA5616604BE60 /* Pods */,
				1DD6F3741DF623A52B54BC7E /* Frameworks */,
			);
			sourceTree = "<group>";
		};
		AC4B9CFC292F42A50035E73D /* Products */ = {
			isa = PBXGroup;
			children = (
				AC4B9CFB292F42A50035E73D /* iOSChat.app */,
			);
			name = Products;
			sourceTree = "<group>";
		};
		AC4B9CFD292F42A50035E73D /* iOSChat */ = {
			isa = PBXGroup;
			children = (
				AC4B9D17292F4DBD0035E73D /* Models */,
				AC4B9D16292F4DAE0035E73D /* Managers */,
				AC4B9D15292F4DA40035E73D /* Others */,
				AC4B9D13292F4D5E0035E73D /* Views */,
				AC4B9D12292F4D4C0035E73D /* Controllers */,
				AC4B9D0C292F42A60035E73D /* Info.plist */,
			);
			path = iOSChat;
			sourceTree = "<group>";
		};
		AC4B9D12292F4D4C0035E73D /* Controllers */ = {
			isa = PBXGroup;
			children = (
				AC4B9D02292F42A50035E73D /* LoginViewController.swift */,
				AC5CE42229308436003B289C /* SettingsViewController.swift */,
				AC5CE42429308451003B289C /* TabBarViewController.swift */,
			);
			path = Controllers;
			sourceTree = "<group>";
		};
		AC4B9D13292F4D5E0035E73D /* Views */ = {
			isa = PBXGroup;
			children = (
			);
			path = Views;
			sourceTree = "<group>";
		};
		AC4B9D15292F4DA40035E73D /* Others */ = {
			isa = PBXGroup;
			children = (
				AC4B9D09292F42A60035E73D /* LaunchScreen.storyboard */,
				AC4B9D07292F42A60035E73D /* Assets.xcassets */,
				AC4B9CFE292F42A50035E73D /* AppDelegate.swift */,
				AC4B9D00292F42A50035E73D /* SceneDelegate.swift */,
			);
			path = Others;
			sourceTree = "<group>";
		};
		AC4B9D16292F4DAE0035E73D /* Managers */ = {
			isa = PBXGroup;
			children = (
				AC4B9D18292F4E3C0035E73D /* ChatManager.swift */,
			);
			path = Managers;
			sourceTree = "<group>";
		};
		AC4B9D17292F4DBD0035E73D /* Models */ = {
			isa = PBXGroup;
			children = (
			);
			path = Models;
			sourceTree = "<group>";
		};
		BF3396A74A4BA5616604BE60 /* Pods */ = {
			isa = PBXGroup;
			children = (
				8546CCA00CA3EEDD1ED27A5B /* Pods-iOSChat.debug.xcconfig */,
				E7495C16A44EA570A282B0B4 /* Pods-iOSChat.release.xcconfig */,
			);
			path = Pods;
			sourceTree = "<group>";
		};
/* End PBXGroup section */

/* Begin PBXNativeTarget section */
		AC4B9CFA292F42A50035E73D /* iOSChat */ = {
			isa = PBXNativeTarget;
			buildConfigurationList = AC4B9D0F292F42A60035E73D /* Build configuration list for PBXNativeTarget "iOSChat" */;
			buildPhases = (
				905F65210F27F329801980DD /* [CP] Check Pods Manifest.lock */,
				AC4B9CF7292F42A50035E73D /* Sources */,
				AC4B9CF8292F42A50035E73D /* Frameworks */,
				AC4B9CF9292F42A50035E73D /* Resources */,
				DE3D55D1B921B9E8E17E9F98 /* [CP] Embed Pods Frameworks */,
			);
			buildRules = (
			);
			dependencies = (
			);
			name = iOSChat;
			productName = iOSChat;
			productReference = AC4B9CFB292F42A50035E73D /* iOSChat.app */;
			productType = "com.apple.product-type.application";
		};
/* End PBXNativeTarget section */

/* Begin PBXProject section */
		AC4B9CF3292F42A50035E73D /* Project object */ = {
			isa = PBXProject;
			attributes = {
				BuildIndependentTargetsInParallel = 1;
				LastSwiftUpdateCheck = 1410;
				LastUpgradeCheck = 1410;
				TargetAttributes = {
					AC4B9CFA292F42A50035E73D = {
						CreatedOnToolsVersion = 14.1;
					};
				};
			};
			buildConfigurationList = AC4B9CF6292F42A50035E73D /* Build configuration list for PBXProject "iOSChat" */;
			compatibilityVersion = "Xcode 13.0";
			developmentRegion = en;
			hasScannedForEncodings = 0;
			knownRegions = (
				en,
				Base,
			);
			mainGroup = AC4B9CF2292F42A50035E73D;
			productRefGroup = AC4B9CFC292F42A50035E73D /* Products */;
			projectDirPath = "";
			projectRoot = "";
			targets = (
				AC4B9CFA292F42A50035E73D /* iOSChat */,
			);
		};
/* End PBXProject section */

/* Begin PBXResourcesBuildPhase section */
		AC4B9CF9292F42A50035E73D /* Resources */ = {
			isa = PBXResourcesBuildPhase;
			buildActionMask = 2147483647;
			files = (
				AC4B9D0B292F42A60035E73D /* LaunchScreen.storyboard in Resources */,
				AC4B9D08292F42A60035E73D /* Assets.xcassets in Resources */,
			);
			runOnlyForDeploymentPostprocessing = 0;
		};
/* End PBXResourcesBuildPhase section */

/* Begin PBXShellScriptBuildPhase section */
		905F65210F27F329801980DD /* [CP] Check Pods Manifest.lock */ = {
			isa = PBXShellScriptBuildPhase;
			buildActionMask = 2147483647;
			files = (
			);
			inputFileListPaths = (
			);
			inputPaths = (
				"${PODS_PODFILE_DIR_PATH}/Podfile.lock",
				"${PODS_ROOT}/Manifest.lock",
			);
			name = "[CP] Check Pods Manifest.lock";
			outputFileListPaths = (
			);
			outputPaths = (
				"$(DERIVED_FILE_DIR)/Pods-iOSChat-checkManifestLockResult.txt",
			);
			runOnlyForDeploymentPostprocessing = 0;
			shellPath = /bin/sh;
			shellScript = "diff \"${PODS_PODFILE_DIR_PATH}/Podfile.lock\" \"${PODS_ROOT}/Manifest.lock\" > /dev/null\nif [ $? != 0 ] ; then\n    # print error to STDERR\n    echo \"error: The sandbox is not in sync with the Podfile.lock. Run 'pod install' or update your CocoaPods installation.\" >&2\n    exit 1\nfi\n# This output is used by Xcode 'outputs' to avoid re-running this script phase.\necho \"SUCCESS\" > \"${SCRIPT_OUTPUT_FILE_0}\"\n";
			showEnvVarsInLog = 0;
		};
		DE3D55D1B921B9E8E17E9F98 /* [CP] Embed Pods Frameworks */ = {
			isa = PBXShellScriptBuildPhase;
			buildActionMask = 2147483647;
			files = (
			);
			inputFileListPaths = (
				"${PODS_ROOT}/Target Support Files/Pods-iOSChat/Pods-iOSChat-frameworks-${CONFIGURATION}-input-files.xcfilelist",
			);
			name = "[CP] Embed Pods Frameworks";
			outputFileListPaths = (
				"${PODS_ROOT}/Target Support Files/Pods-iOSChat/Pods-iOSChat-frameworks-${CONFIGURATION}-output-files.xcfilelist",
			);
			runOnlyForDeploymentPostprocessing = 0;
			shellPath = /bin/sh;
			shellScript = "\"${PODS_ROOT}/Target Support Files/Pods-iOSChat/Pods-iOSChat-frameworks.sh\"\n";
			showEnvVarsInLog = 0;
		};
/* End PBXShellScriptBuildPhase section */

/* Begin PBXSourcesBuildPhase section */
		AC4B9CF7292F42A50035E73D /* Sources */ = {
			isa = PBXSourcesBuildPhase;
			buildActionMask = 2147483647;
			files = (
				AC4B9D03292F42A50035E73D /* LoginViewController.swift in Sources */,
				AC4B9CFF292F42A50035E73D /* AppDelegate.swift in Sources */,
				AC4B9D01292F42A50035E73D /* SceneDelegate.swift in Sources */,
				AC5CE42329308436003B289C /* SettingsViewController.swift in Sources */,
				AC5CE42529308451003B289C /* TabBarViewController.swift in Sources */,
				AC4B9D19292F4E3C0035E73D /* ChatManager.swift in Sources */,
			);
			runOnlyForDeploymentPostprocessing = 0;
		};
/* End PBXSourcesBuildPhase section */

/* Begin PBXVariantGroup section */
		AC4B9D09292F42A60035E73D /* LaunchScreen.storyboard */ = {
			isa = PBXVariantGroup;
			children = (
				AC4B9D0A292F42A60035E73D /* Base */,
			);
			name = LaunchScreen.storyboard;
			sourceTree = "<group>";
		};
/* End PBXVariantGroup section */

/* Begin XCBuildConfiguration section */
		AC4B9D0D292F42A60035E73D /* Debug */ = {
			isa = XCBuildConfiguration;
			buildSettings = {
				ALWAYS_SEARCH_USER_PATHS = NO;
				CLANG_ANALYZER_NONNULL = YES;
				CLANG_ANALYZER_NUMBER_OBJECT_CONVERSION = YES_AGGRESSIVE;
				CLANG_CXX_LANGUAGE_STANDARD = "gnu++20";
				CLANG_ENABLE_MODULES = YES;
				CLANG_ENABLE_OBJC_ARC = YES;
				CLANG_ENABLE_OBJC_WEAK = YES;
				CLANG_WARN_BLOCK_CAPTURE_AUTORELEASING = YES;
				CLANG_WARN_BOOL_CONVERSION = YES;
				CLANG_WARN_COMMA = YES;
				CLANG_WARN_CONSTANT_CONVERSION = YES;
				CLANG_WARN_DEPRECATED_OBJC_IMPLEMENTATIONS = YES;
				CLANG_WARN_DIRECT_OBJC_ISA_USAGE = YES_ERROR;
				CLANG_WARN_DOCUMENTATION_COMMENTS = YES;
				CLANG_WARN_EMPTY_BODY = YES;
				CLANG_WARN_ENUM_CONVERSION = YES;
				CLANG_WARN_INFINITE_RECURSION = YES;
				CLANG_WARN_INT_CONVERSION = YES;
				CLANG_WARN_NON_LITERAL_NULL_CONVERSION = YES;
				CLANG_WARN_OBJC_IMPLICIT_RETAIN_SELF = YES;
				CLANG_WARN_OBJC_LITERAL_CONVERSION = YES;
				CLANG_WARN_OBJC_ROOT_CLASS = YES_ERROR;
				CLANG_WARN_QUOTED_INCLUDE_IN_FRAMEWORK_HEADER = YES;
				CLANG_WARN_RANGE_LOOP_ANALYSIS = YES;
				CLANG_WARN_STRICT_PROTOTYPES = YES;
				CLANG_WARN_SUSPICIOUS_MOVE = YES;
				CLANG_WARN_UNGUARDED_AVAILABILITY = YES_AGGRESSIVE;
				CLANG_WARN_UNREACHABLE_CODE = YES;
				CLANG_WARN__DUPLICATE_METHOD_MATCH = YES;
				COPY_PHASE_STRIP = NO;
				DEBUG_INFORMATION_FORMAT = dwarf;
				ENABLE_STRICT_OBJC_MSGSEND = YES;
				ENABLE_TESTABILITY = YES;
				GCC_C_LANGUAGE_STANDARD = gnu11;
				GCC_DYNAMIC_NO_PIC = NO;
				GCC_NO_COMMON_BLOCKS = YES;
				GCC_OPTIMIZATION_LEVEL = 0;
				GCC_PREPROCESSOR_DEFINITIONS = (
					"DEBUG=1",
					"$(inherited)",
				);
				GCC_WARN_64_TO_32_BIT_CONVERSION = YES;
				GCC_WARN_ABOUT_RETURN_TYPE = YES_ERROR;
				GCC_WARN_UNDECLARED_SELECTOR = YES;
				GCC_WARN_UNINITIALIZED_AUTOS = YES_AGGRESSIVE;
				GCC_WARN_UNUSED_FUNCTION = YES;
				GCC_WARN_UNUSED_VARIABLE = YES;
				IPHONEOS_DEPLOYMENT_TARGET = 16.1;
				MTL_ENABLE_DEBUG_INFO = INCLUDE_SOURCE;
				MTL_FAST_MATH = YES;
				ONLY_ACTIVE_ARCH = YES;
				SDKROOT = iphoneos;
				SWIFT_ACTIVE_COMPILATION_CONDITIONS = DEBUG;
				SWIFT_OPTIMIZATION_LEVEL = "-Onone";
			};
			name = Debug;
		};
		AC4B9D0E292F42A60035E73D /* Release */ = {
			isa = XCBuildConfiguration;
			buildSettings = {
				ALWAYS_SEARCH_USER_PATHS = NO;
				CLANG_ANALYZER_NONNULL = YES;
				CLANG_ANALYZER_NUMBER_OBJECT_CONVERSION = YES_AGGRESSIVE;
				CLANG_CXX_LANGUAGE_STANDARD = "gnu++20";
				CLANG_ENABLE_MODULES = YES;
				CLANG_ENABLE_OBJC_ARC = YES;
				CLANG_ENABLE_OBJC_WEAK = YES;
				CLANG_WARN_BLOCK_CAPTURE_AUTORELEASING = YES;
				CLANG_WARN_BOOL_CONVERSION = YES;
				CLANG_WARN_COMMA = YES;
				CLANG_WARN_CONSTANT_CONVERSION = YES;
				CLANG_WARN_DEPRECATED_OBJC_IMPLEMENTATIONS = YES;
				CLANG_WARN_DIRECT_OBJC_ISA_USAGE = YES_ERROR;
				CLANG_WARN_DOCUMENTATION_COMMENTS = YES;
				CLANG_WARN_EMPTY_BODY = YES;
				CLANG_WARN_ENUM_CONVERSION = YES;
				CLANG_WARN_INFINITE_RECURSION = YES;
				CLANG_WARN_INT_CONVERSION = YES;
				CLANG_WARN_NON_LITERAL_NULL_CONVERSION = YES;
				CLANG_WARN_OBJC_IMPLICIT_RETAIN_SELF = YES;
				CLANG_WARN_OBJC_LITERAL_CONVERSION = YES;
				CLANG_WARN_OBJC_ROOT_CLASS = YES_ERROR;
				CLANG_WARN_QUOTED_INCLUDE_IN_FRAMEWORK_HEADER = YES;
				CLANG_WARN_RANGE_LOOP_ANALYSIS = YES;
				CLANG_WARN_STRICT_PROTOTYPES = YES;
				CLANG_WARN_SUSPICIOUS_MOVE = YES;
				CLANG_WARN_UNGUARDED_AVAILABILITY = YES_AGGRESSIVE;
				CLANG_WARN_UNREACHABLE_CODE = YES;
				CLANG_WARN__DUPLICATE_METHOD_MATCH = YES;
				COPY_PHASE_STRIP = NO;
				DEBUG_INFORMATION_FORMAT = "dwarf-with-dsym";
				ENABLE_NS_ASSERTIONS = NO;
				ENABLE_STRICT_OBJC_MSGSEND = YES;
				GCC_C_LANGUAGE_STANDARD = gnu11;
				GCC_NO_COMMON_BLOCKS = YES;
				GCC_WARN_64_TO_32_BIT_CONVERSION = YES;
				GCC_WARN_ABOUT_RETURN_TYPE = YES_ERROR;
				GCC_WARN_UNDECLARED_SELECTOR = YES;
				GCC_WARN_UNINITIALIZED_AUTOS = YES_AGGRESSIVE;
				GCC_WARN_UNUSED_FUNCTION = YES;
				GCC_WARN_UNUSED_VARIABLE = YES;
				IPHONEOS_DEPLOYMENT_TARGET = 16.1;
				MTL_ENABLE_DEBUG_INFO = NO;
				MTL_FAST_MATH = YES;
				SDKROOT = iphoneos;
				SWIFT_COMPILATION_MODE = wholemodule;
				SWIFT_OPTIMIZATION_LEVEL = "-O";
				VALIDATE_PRODUCT = YES;
			};
			name = Release;
		};
		AC4B9D10292F42A60035E73D /* Debug */ = {
			isa = XCBuildConfiguration;
			baseConfigurationReference = 8546CCA00CA3EEDD1ED27A5B /* Pods-iOSChat.debug.xcconfig */;
			buildSettings = {
				ASSETCATALOG_COMPILER_APPICON_NAME = AppIcon;
				ASSETCATALOG_COMPILER_GLOBAL_ACCENT_COLOR_NAME = AccentColor;
				CODE_SIGN_STYLE = Automatic;
				CURRENT_PROJECT_VERSION = 1;
				DEVELOPMENT_TEAM = 8N7YRTC92N;
				GENERATE_INFOPLIST_FILE = YES;
				INFOPLIST_FILE = iOSChat/Info.plist;
				INFOPLIST_KEY_UIApplicationSupportsIndirectInputEvents = YES;
				INFOPLIST_KEY_UILaunchStoryboardName = LaunchScreen;
				INFOPLIST_KEY_UISupportedInterfaceOrientations_iPad = "UIInterfaceOrientationPortrait UIInterfaceOrientationPortraitUpsideDown UIInterfaceOrientationLandscapeLeft UIInterfaceOrientationLandscapeRight";
				INFOPLIST_KEY_UISupportedInterfaceOrientations_iPhone = "UIInterfaceOrientationPortrait UIInterfaceOrientationLandscapeLeft UIInterfaceOrientationLandscapeRight";
				LD_RUNPATH_SEARCH_PATHS = (
					"$(inherited)",
					"@executable_path/Frameworks",
				);
				MARKETING_VERSION = 1.0;
				PRODUCT_BUNDLE_IDENTIFIER = "dae-bong-ski.iOSChat";
				PRODUCT_NAME = "$(TARGET_NAME)";
				SWIFT_EMIT_LOC_STRINGS = YES;
				SWIFT_VERSION = 5.0;
				TARGETED_DEVICE_FAMILY = "1,2";
			};
			name = Debug;
		};
		AC4B9D11292F42A60035E73D /* Release */ = {
			isa = XCBuildConfiguration;
			baseConfigurationReference = E7495C16A44EA570A282B0B4 /* Pods-iOSChat.release.xcconfig */;
			buildSettings = {
				ASSETCATALOG_COMPILER_APPICON_NAME = AppIcon;
				ASSETCATALOG_COMPILER_GLOBAL_ACCENT_COLOR_NAME = AccentColor;
				CODE_SIGN_STYLE = Automatic;
				CURRENT_PROJECT_VERSION = 1;
				DEVELOPMENT_TEAM = 8N7YRTC92N;
				GENERATE_INFOPLIST_FILE = YES;
				INFOPLIST_FILE = iOSChat/Info.plist;
				INFOPLIST_KEY_UIApplicationSupportsIndirectInputEvents = YES;
				INFOPLIST_KEY_UILaunchStoryboardName = LaunchScreen;
				INFOPLIST_KEY_UISupportedInterfaceOrientations_iPad = "UIInterfaceOrientationPortrait UIInterfaceOrientationPortraitUpsideDown UIInterfaceOrientationLandscapeLeft UIInterfaceOrientationLandscapeRight";
				INFOPLIST_KEY_UISupportedInterfaceOrientations_iPhone = "UIInterfaceOrientationPortrait UIInterfaceOrientationLandscapeLeft UIInterfaceOrientationLandscapeRight";
				LD_RUNPATH_SEARCH_PATHS = (
					"$(inherited)",
					"@executable_path/Frameworks",
				);
				MARKETING_VERSION = 1.0;
				PRODUCT_BUNDLE_IDENTIFIER = "dae-bong-ski.iOSChat";
				PRODUCT_NAME = "$(TARGET_NAME)";
				SWIFT_EMIT_LOC_STRINGS = YES;
				SWIFT_VERSION = 5.0;
				TARGETED_DEVICE_FAMILY = "1,2";
			};
			name = Release;
		};
/* End XCBuildConfiguration section */

/* Begin XCConfigurationList section */
		AC4B9CF6292F42A50035E73D /* Build configuration list for PBXProject "iOSChat" */ = {
			isa = XCConfigurationList;
			buildConfigurations = (
				AC4B9D0D292F42A60035E73D /* Debug */,
				AC4B9D0E292F42A60035E73D /* Release */,
			);
			defaultConfigurationIsVisible = 0;
			defaultConfigurationName = Release;
		};
		AC4B9D0F292F42A60035E73D /* Build configuration list for PBXNativeTarget "iOSChat" */ = {
			isa = XCConfigurationList;
			buildConfigurations = (
				AC4B9D10292F42A60035E73D /* Debug */,
				AC4B9D11292F42A60035E73D /* Release */,
			);
			defaultConfigurationIsVisible = 0;
			defaultConfigurationName = Release;
		};
/* End XCConfigurationList section */
	};
	rootObject = AC4B9CF3292F42A50035E73D /* Project object */;
}
